{
    "name": "bootpag",
    "version": "1.0.8",
    "lockfileVersion": 1,
    "requires": true,
    "dependencies": {
        "closure-compiler": {
            "version": "0.2.12",
            "resolved": "https://registry.npmjs.org/closure-compiler/-/closure-compiler-0.2.12.tgz",
            "integrity": "sha1-bDCHytEnQseeR/DOUOh6+Rz44XE=",
            "requires": {
                "google-closure-compiler": "20150901.x"
            }
        },
        "google-closure-compiler": {
            "version": "20150901.0.0",
            "resolved": "https://registry.npmjs.org/google-closure-compiler/-/google-closure-compiler-20150901.0.0.tgz",
            "integrity": "sha1-PQHGyt5leQqb+04wshWLdjWsut4="
        },
        "jquery": {
            "version": "3.5.1",
            "resolved": "https://registry.npmjs.org/jquery/-/jquery-3.5.1.tgz",
            "integrity": "sha512-XwIBPqcMn57FxfT+Go5pzySnm4KWkT1Tv7gjrpT1srtf8Weynl6R273VJ5GjkRb51IzMp5nbaPjJXMWeju2MKg=="
        }
    }
}
